
Microsoft Visual Studio Solution File, Format Version 12.00
# Visual Studio 14
VisualStudioVersion = 14.0.22823.1
MinimumVisualStudioVersion = 10.0.40219.1
Project("{FAE04EC0-301F-11D3-BF4B-00C04F79EFBC}") = "IoT", "IoT\IoT.csproj", "{1156A7A8-DCA1-43A2-8E66-BD2436AFFEE1}"
EndProject
Project("{2150E333-8FDC-42A3-9474-1A3956D46DE8}") = "Solution Items", "Solution Items", "{B4FF2EF1-F482-45FB-998F-166304F3A45A}"
	ProjectSection(SolutionItems) = preProject
		README.md = README.md
	EndProjectSection
EndProject
Project("{FAE04EC0-301F-11D3-BF4B-00C04F79EFBC}") = "Blinky", "Blinky\Blinky.csproj", "{6AE1A230-D673-4227-A4E0-BE7AEE21D220}"
EndProject
Project("{FAE04EC0-301F-11D3-BF4B-00C04F79EFBC}") = "ChildI2C", "ChildI2C\ChildI2C.csproj", "{D0900C14-9C7E-42FF-90E3-D3636953ACF9}"
EndProject
Project("{FAE04EC0-301F-11D3-BF4B-00C04F79EFBC}") = "DataLogger", "DataLogger\DataLogger.csproj", "{73DA08F5-1A4E-47C2-82D3-A1772224E7E4}"
EndProject
Global
	GlobalSection(SolutionConfigurationPlatforms) = preSolution
		Debug|Any CPU = Debug|Any CPU
		Debug|ARM = Debug|ARM
		Debug|x64 = Debug|x64
		Debug|x86 = Debug|x86
		Release|Any CPU = Release|Any CPU
		Release|ARM = Release|ARM
		Release|x64 = Release|x64
		Release|x86 = Release|x86
	EndGlobalSection
	GlobalSection(ProjectConfigurationPlatforms) = postSolution
		{1156A7A8-DCA1-43A2-8E66-BD2436AFFEE1}.Debug|Any CPU.ActiveCfg = Debug|Any CPU
		{1156A7A8-DCA1-43A2-8E66-BD2436AFFEE1}.Debug|Any CPU.Build.0 = Debug|Any CPU
		{1156A7A8-DCA1-43A2-8E66-BD2436AFFEE1}.Debug|ARM.ActiveCfg = Debug|ARM
		{1156A7A8-DCA1-43A2-8E66-BD2436AFFEE1}.Debug|ARM.Build.0 = Debug|ARM
		{1156A7A8-DCA1-43A2-8E66-BD2436AFFEE1}.Debug|x64.ActiveCfg = Debug|x64
		{1156A7A8-DCA1-43A2-8E66-BD2436AFFEE1}.Debug|x64.Build.0 = Debug|x64
		{1156A7A8-DCA1-43A2-8E66-BD2436AFFEE1}.Debug|x86.ActiveCfg = Debug|x86
		{1156A7A8-DCA1-43A2-8E66-BD2436AFFEE1}.Debug|x86.Build.0 = Debug|x86
		{1156A7A8-DCA1-43A2-8E66-BD2436AFFEE1}.Release|Any CPU.ActiveCfg = Release|Any CPU
		{1156A7A8-DCA1-43A2-8E66-BD2436AFFEE1}.Release|Any CPU.Build.0 = Release|Any CPU
		{1156A7A8-DCA1-43A2-8E66-BD2436AFFEE1}.Release|ARM.ActiveCfg = Release|ARM
		{1156A7A8-DCA1-43A2-8E66-BD2436AFFEE1}.Release|ARM.Build.0 = Release|ARM
		{1156A7A8-DCA1-43A2-8E66-BD2436AFFEE1}.Release|x64.ActiveCfg = Release|x64
		{1156A7A8-DCA1-43A2-8E66-BD2436AFFEE1}.Release|x64.Build.0 = Release|x64
		{1156A7A8-DCA1-43A2-8E66-BD2436AFFEE1}.Release|x86.ActiveCfg = Release|x86
		{1156A7A8-DCA1-43A2-8E66-BD2436AFFEE1}.Release|x86.Build.0 = Release|x86
		{6AE1A230-D673-4227-A4E0-BE7AEE21D220}.Debug|Any CPU.ActiveCfg = Debug|x86
		{6AE1A230-D673-4227-A4E0-BE7AEE21D220}.Debug|ARM.ActiveCfg = Debug|ARM
		{6AE1A230-D673-4227-A4E0-BE7AEE21D220}.Debug|ARM.Build.0 = Debug|ARM
		{6AE1A230-D673-4227-A4E0-BE7AEE21D220}.Debug|ARM.Deploy.0 = Debug|ARM
		{6AE1A230-D673-4227-A4E0-BE7AEE21D220}.Debug|x64.ActiveCfg = Debug|x64
		{6AE1A230-D673-4227-A4E0-BE7AEE21D220}.Debug|x64.Build.0 = Debug|x64
		{6AE1A230-D673-4227-A4E0-BE7AEE21D220}.Debug|x64.Deploy.0 = Debug|x64
		{6AE1A230-D673-4227-A4E0-BE7AEE21D220}.Debug|x86.ActiveCfg = Debug|x86
		{6AE1A230-D673-4227-A4E0-BE7AEE21D220}.Debug|x86.Build.0 = Debug|x86
		{6AE1A230-D673-4227-A4E0-BE7AEE21D220}.Debug|x86.Deploy.0 = Debug|x86
		{6AE1A230-D673-4227-A4E0-BE7AEE21D220}.Release|Any CPU.ActiveCfg = Release|x86
		{6AE1A230-D673-4227-A4E0-BE7AEE21D220}.Release|ARM.ActiveCfg = Release|ARM
		{6AE1A230-D673-4227-A4E0-BE7AEE21D220}.Release|ARM.Build.0 = Release|ARM
		{6AE1A230-D673-4227-A4E0-BE7AEE21D220}.Release|ARM.Deploy.0 = Release|ARM
		{6AE1A230-D673-4227-A4E0-BE7AEE21D220}.Release|x64.ActiveCfg = Release|x64
		{6AE1A230-D673-4227-A4E0-BE7AEE21D220}.Release|x64.Build.0 = Release|x64
		{6AE1A230-D673-4227-A4E0-BE7AEE21D220}.Release|x64.Deploy.0 = Release|x64
		{6AE1A230-D673-4227-A4E0-BE7AEE21D220}.Release|x86.ActiveCfg = Release|x86
		{6AE1A230-D673-4227-A4E0-BE7AEE21D220}.Release|x86.Build.0 = Release|x86
		{6AE1A230-D673-4227-A4E0-BE7AEE21D220}.Release|x86.Deploy.0 = Release|x86
		{D0900C14-9C7E-42FF-90E3-D3636953ACF9}.Debug|Any CPU.ActiveCfg = Debug|x86
		{D0900C14-9C7E-42FF-90E3-D3636953ACF9}.Debug|ARM.ActiveCfg = Debug|ARM
		{D0900C14-9C7E-42FF-90E3-D3636953ACF9}.Debug|ARM.Build.0 = Debug|ARM
		{D0900C14-9C7E-42FF-90E3-D3636953ACF9}.Debug|ARM.Deploy.0 = Debug|ARM
		{D0900C14-9C7E-42FF-90E3-D3636953ACF9}.Debug|x64.ActiveCfg = Debug|x64
		{D0900C14-9C7E-42FF-90E3-D3636953ACF9}.Debug|x64.Build.0 = Debug|x64
		{D0900C14-9C7E-42FF-90E3-D3636953ACF9}.Debug|x64.Deploy.0 = Debug|x64
		{D0900C14-9C7E-42FF-90E3-D3636953ACF9}.Debug|x86.ActiveCfg = Debug|x86
		{D0900C14-9C7E-42FF-90E3-D3636953ACF9}.Debug|x86.Build.0 = Debug|x86
		{D0900C14-9C7E-42FF-90E3-D3636953ACF9}.Debug|x86.Deploy.0 = Debug|x86
		{D0900C14-9C7E-42FF-90E3-D3636953ACF9}.Release|Any CPU.ActiveCfg = Release|x86
		{D0900C14-9C7E-42FF-90E3-D3636953ACF9}.Release|ARM.ActiveCfg = Release|ARM
		{D0900C14-9C7E-42FF-90E3-D3636953ACF9}.Release|ARM.Build.0 = Release|ARM
		{D0900C14-9C7E-42FF-90E3-D3636953ACF9}.Release|ARM.Deploy.0 = Release|ARM
		{D0900C14-9C7E-42FF-90E3-D3636953ACF9}.Release|x64.ActiveCfg = Release|x64
		{D0900C14-9C7E-42FF-90E3-D3636953ACF9}.Release|x64.Build.0 = Release|x64
		{D0900C14-9C7E-42FF-90E3-D3636953ACF9}.Release|x64.Deploy.0 = Release|x64
		{D0900C14-9C7E-42FF-90E3-D3636953ACF9}.Release|x86.ActiveCfg = Release|x86
		{D0900C14-9C7E-42FF-90E3-D3636953ACF9}.Release|x86.Build.0 = Release|x86
		{D0900C14-9C7E-42FF-90E3-D3636953ACF9}.Release|x86.Deploy.0 = Release|x86
		{73DA08F5-1A4E-47C2-82D3-A1772224E7E4}.Debug|Any CPU.ActiveCfg = Debug|x86
		{73DA08F5-1A4E-47C2-82D3-A1772224E7E4}.Debug|ARM.ActiveCfg = Debug|ARM
		{73DA08F5-1A4E-47C2-82D3-A1772224E7E4}.Debug|ARM.Build.0 = Debug|ARM
		{73DA08F5-1A4E-47C2-82D3-A1772224E7E4}.Debug|ARM.Deploy.0 = Debug|ARM
		{73DA08F5-1A4E-47C2-82D3-A1772224E7E4}.Debug|x64.ActiveCfg = Debug|x64
		{73DA08F5-1A4E-47C2-82D3-A1772224E7E4}.Debug|x64.Build.0 = Debug|x64
		{73DA08F5-1A4E-47C2-82D3-A1772224E7E4}.Debug|x64.Deploy.0 = Debug|x64
		{73DA08F5-1A4E-47C2-82D3-A1772224E7E4}.Debug|x86.ActiveCfg = Debug|x86
		{73DA08F5-1A4E-47C2-82D3-A1772224E7E4}.Debug|x86.Build.0 = Debug|x86
		{73DA08F5-1A4E-47C2-82D3-A1772224E7E4}.Debug|x86.Deploy.0 = Debug|x86
		{73DA08F5-1A4E-47C2-82D3-A1772224E7E4}.Release|Any CPU.ActiveCfg = Release|x86
		{73DA08F5-1A4E-47C2-82D3-A1772224E7E4}.Release|ARM.ActiveCfg = Release|ARM
		{73DA08F5-1A4E-47C2-82D3-A1772224E7E4}.Release|ARM.Build.0 = Release|ARM
		{73DA08F5-1A4E-47C2-82D3-A1772224E7E4}.Release|ARM.Deploy.0 = Release|ARM
		{73DA08F5-1A4E-47C2-82D3-A1772224E7E4}.Release|x64.ActiveCfg = Release|x64
		{73DA08F5-1A4E-47C2-82D3-A1772224E7E4}.Release|x64.Build.0 = Release|x64
		{73DA08F5-1A4E-47C2-82D3-A1772224E7E4}.Release|x64.Deploy.0 = Release|x64
		{73DA08F5-1A4E-47C2-82D3-A1772224E7E4}.Release|x86.ActiveCfg = Release|x86
		{73DA08F5-1A4E-47C2-82D3-A1772224E7E4}.Release|x86.Build.0 = Release|x86
		{73DA08F5-1A4E-47C2-82D3-A1772224E7E4}.Release|x86.Deploy.0 = Release|x86
	EndGlobalSection
	GlobalSection(SolutionProperties) = preSolution
		HideSolutionNode = FALSE
	EndGlobalSection
EndGlobal
